// !$*UTF8*$!
{
	archiveVersion = 1;
	classes = {
	};
	objectVersion = 46;
	objects = {

/* Begin PBXBuildFile section */
		30D3E0481E4084FE00550117 /* example.cpp in Sources */ = {isa = PBXBuildFile; fileRef = 30D3E0471E4084FE00550117 /* example.cpp */; };
		F5F39FB720C72AF7007F9134 /* libcurl.tbd in Frameworks */ = {isa = PBXBuildFile; fileRef = F5F39FB620C72AF7007F9134 /* libcurl.tbd */; };
		F5F39FB920C72B08007F9134 /* libcryptopp.dylib in Frameworks */ = {isa = PBXBuildFile; fileRef = F5F39FB820C72B08007F9134 /* libcryptopp.dylib */; };
/* End PBXBuildFile section */

/* Begin PBXCopyFilesBuildPhase section */
		3096E78E1E37DEAC00F2C1B4 /* CopyFiles */ = {
			isa = PBXCopyFilesBuildPhase;
			buildActionMask = 2147483647;
			dstPath = /usr/share/man/man1/;
			dstSubfolderSpec = 0;
			files = (
			);
			runOnlyForDeploymentPostprocessing = 1;
		};
/* End PBXCopyFilesBuildPhase section */

/* Begin PBXFileReference section */
		3096E7901E37DEAC00F2C1B4 /* bfx-api-cpp */ = {isa = PBXFileReference; explicitFileType = "compiled.mach-o.executable"; includeInIndex = 0; path = "bfx-api-cpp"; sourceTree = BUILT_PRODUCTS_DIR; };
		30D3E0451E3CEBAD00550117 /* README.md */ = {isa = PBXFileReference; fileEncoding = 4; lastKnownFileType = net.daringfireball.markdown; path = README.md; sourceTree = "<group>"; };
		30D3E0471E4084FE00550117 /* example.cpp */ = {isa = PBXFileReference; fileEncoding = 4; lastKnownFileType = sourcecode.cpp.cpp; path = example.cpp; sourceTree = "<group>"; };
		F5F39FB620C72AF7007F9134 /* libcurl.tbd */ = {isa = PBXFileReference; lastKnownFileType = "sourcecode.text-based-dylib-definition"; name = libcurl.tbd; path = usr/lib/libcurl.tbd; sourceTree = SDKROOT; };
		F5F39FB820C72B08007F9134 /* libcryptopp.dylib */ = {isa = PBXFileReference; lastKnownFileType = "compiled.mach-o.dylib"; name = libcryptopp.dylib; path = ../../../../../usr/local/Cellar/cryptopp/7.0.0/lib/libcryptopp.dylib; sourceTree = "<group>"; };
		F5F39FBF20C736BE007F9134 /* BitfinexAPI.hpp */ = {isa = PBXFileReference; fileEncoding = 4; lastKnownFileType = sourcecode.cpp.h; path = BitfinexAPI.hpp; sourceTree = "<group>"; };
		F5F39FC020C736BE007F9134 /* rapidjson */ = {isa = PBXFileReference; lastKnownFileType = folder; path = rapidjson; sourceTree = "<group>"; };
		F5F39FC120C736C9007F9134 /* withdraw.conf */ = {isa = PBXFileReference; fileEncoding = 4; lastKnownFileType = text; path = withdraw.conf; sourceTree = "<group>"; };
		F5F39FC220C736F7007F9134 /* license.txt */ = {isa = PBXFileReference; fileEncoding = 4; lastKnownFileType = text; path = license.txt; sourceTree = "<group>"; };
		F5F39FC320C737A1007F9134 /* key-secret */ = {isa = PBXFileReference; fileEncoding = 4; lastKnownFileType = text; path = "key-secret"; sourceTree = "<group>"; };
		F5F39FC420C73A68007F9134 /* .gitignore */ = {isa = PBXFileReference; fileEncoding = 4; lastKnownFileType = text; path = .gitignore; sourceTree = "<group>"; };
/* End PBXFileReference section */

/* Begin PBXFrameworksBuildPhase section */
		3096E78D1E37DEAC00F2C1B4 /* Frameworks */ = {
			isa = PBXFrameworksBuildPhase;
			buildActionMask = 2147483647;
			files = (
				F5F39FB920C72B08007F9134 /* libcryptopp.dylib in Frameworks */,
				F5F39FB720C72AF7007F9134 /* libcurl.tbd in Frameworks */,
			);
			runOnlyForDeploymentPostprocessing = 0;
		};
/* End PBXFrameworksBuildPhase section */

/* Begin PBXGroup section */
		3096E7871E37DEAC00F2C1B4 = {
			isa = PBXGroup;
			children = (
				F5F39FBE20C736A0007F9134 /* include */,
				F5F39FBD20C7368E007F9134 /* doc */,
				30D3E0451E3CEBAD00550117 /* README.md */,
				F5F39FC420C73A68007F9134 /* .gitignore */,
				F5F39FC320C737A1007F9134 /* key-secret */,
				30D3E0471E4084FE00550117 /* example.cpp */,
				F5F39FC220C736F7007F9134 /* license.txt */,
				3096E7911E37DEAC00F2C1B4 /* Products */,
				3096E79A1E37DFC500F2C1B4 /* Frameworks */,
			);
			sourceTree = "<group>";
		};
		3096E7911E37DEAC00F2C1B4 /* Products */ = {
			isa = PBXGroup;
			children = (
				3096E7901E37DEAC00F2C1B4 /* bfx-api-cpp */,
			);
			name = Products;
			sourceTree = "<group>";
		};
		3096E79A1E37DFC500F2C1B4 /* Frameworks */ = {
			isa = PBXGroup;
			children = (
				F5F39FB820C72B08007F9134 /* libcryptopp.dylib */,
				F5F39FB620C72AF7007F9134 /* libcurl.tbd */,
			);
			name = Frameworks;
			sourceTree = "<group>";
		};
		F5F39FBD20C7368E007F9134 /* doc */ = {
			isa = PBXGroup;
			children = (
				F5F39FC120C736C9007F9134 /* withdraw.conf */,
			);
			path = doc;
			sourceTree = "<group>";
		};
		F5F39FBE20C736A0007F9134 /* include */ = {
			isa = PBXGroup;
			children = (
				F5F39FBF20C736BE007F9134 /* BitfinexAPI.hpp */,
				F5F39FC020C736BE007F9134 /* rapidjson */,
			);
			path = include;
			sourceTree = "<group>";
		};
/* End PBXGroup section */

/* Begin PBXNativeTarget section */
		3096E78F1E37DEAC00F2C1B4 /* bfx-api-cpp */ = {
			isa = PBXNativeTarget;
			buildConfigurationList = 3096E7971E37DEAC00F2C1B4 /* Build configuration list for PBXNativeTarget "bfx-api-cpp" */;
			buildPhases = (
				3096E78C1E37DEAC00F2C1B4 /* Sources */,
				3096E78D1E37DEAC00F2C1B4 /* Frameworks */,
				3096E78E1E37DEAC00F2C1B4 /* CopyFiles */,
			);
			buildRules = (
			);
			dependencies = (
			);
			name = "bfx-api-cpp";
			productName = "bfx-api-cpp";
			productReference = 3096E7901E37DEAC00F2C1B4 /* bfx-api-cpp */;
			productType = "com.apple.product-type.tool";
		};
/* End PBXNativeTarget section */

/* Begin PBXProject section */
		3096E7881E37DEAC00F2C1B4 /* Project object */ = {
			isa = PBXProject;
			attributes = {
				LastUpgradeCheck = 0940;
				ORGANIZATIONNAME = jvr23;
				TargetAttributes = {
					3096E78F1E37DEAC00F2C1B4 = {
						CreatedOnToolsVersion = 8.2.1;
						ProvisioningStyle = Automatic;
					};
				};
			};
			buildConfigurationList = 3096E78B1E37DEAC00F2C1B4 /* Build configuration list for PBXProject "bfx-api-cpp" */;
			compatibilityVersion = "Xcode 3.2";
			developmentRegion = English;
			hasScannedForEncodings = 0;
			knownRegions = (
				en,
			);
			mainGroup = 3096E7871E37DEAC00F2C1B4;
			productRefGroup = 3096E7911E37DEAC00F2C1B4 /* Products */;
			projectDirPath = "";
			projectRoot = "";
			targets = (
				3096E78F1E37DEAC00F2C1B4 /* bfx-api-cpp */,
			);
		};
/* End PBXProject section */

/* Begin PBXSourcesBuildPhase section */
		3096E78C1E37DEAC00F2C1B4 /* Sources */ = {
			isa = PBXSourcesBuildPhase;
			buildActionMask = 2147483647;
			files = (
				30D3E0481E4084FE00550117 /* example.cpp in Sources */,
			);
			runOnlyForDeploymentPostprocessing = 0;
		};
/* End PBXSourcesBuildPhase section */

/* Begin XCBuildConfiguration section */
		3096E7951E37DEAC00F2C1B4 /* Debug */ = {
			isa = XCBuildConfiguration;
			buildSettings = {
				ALWAYS_SEARCH_USER_PATHS = NO;
				CLANG_ANALYZER_NONNULL = YES;
				CLANG_CXX_LANGUAGE_STANDARD = "gnu++0x";
				CLANG_CXX_LIBRARY = "libc++";
				CLANG_ENABLE_MODULES = YES;
				CLANG_ENABLE_OBJC_ARC = YES;
				CLANG_WARN_BLOCK_CAPTURE_AUTORELEASING = YES;
				CLANG_WARN_BOOL_CONVERSION = YES;
				CLANG_WARN_COMMA = YES;
				CLANG_WARN_CONSTANT_CONVERSION = YES;
				CLANG_WARN_DEPRECATED_OBJC_IMPLEMENTATIONS = YES;
				CLANG_WARN_DIRECT_OBJC_ISA_USAGE = YES_ERROR;
				CLANG_WARN_DOCUMENTATION_COMMENTS = YES;
				CLANG_WARN_EMPTY_BODY = YES;
				CLANG_WARN_ENUM_CONVERSION = YES;
				CLANG_WARN_INFINITE_RECURSION = YES;
				CLANG_WARN_INT_CONVERSION = YES;
				CLANG_WARN_NON_LITERAL_NULL_CONVERSION = YES;
				CLANG_WARN_OBJC_IMPLICIT_RETAIN_SELF = YES;
				CLANG_WARN_OBJC_LITERAL_CONVERSION = YES;
				CLANG_WARN_OBJC_ROOT_CLASS = YES_ERROR;
				CLANG_WARN_RANGE_LOOP_ANALYSIS = YES;
				CLANG_WARN_STRICT_PROTOTYPES = YES;
				CLANG_WARN_SUSPICIOUS_MOVE = YES;
				CLANG_WARN_UNREACHABLE_CODE = YES;
				CLANG_WARN__DUPLICATE_METHOD_MATCH = YES;
				CODE_SIGN_IDENTITY = "-";
				COPY_PHASE_STRIP = NO;
				DEBUG_INFORMATION_FORMAT = dwarf;
				ENABLE_STRICT_OBJC_MSGSEND = YES;
				ENABLE_TESTABILITY = YES;
				FRAMEWORK_SEARCH_PATHS = "";
				GCC_C_LANGUAGE_STANDARD = gnu99;
				GCC_DYNAMIC_NO_PIC = NO;
				GCC_NO_COMMON_BLOCKS = YES;
				GCC_OPTIMIZATION_LEVEL = 0;
				GCC_PREPROCESSOR_DEFINITIONS = (
					"DEBUG=1",
					"$(inherited)",
				);
				GCC_WARN_64_TO_32_BIT_CONVERSION = YES;
				GCC_WARN_ABOUT_RETURN_TYPE = YES_ERROR;
				GCC_WARN_UNDECLARED_SELECTOR = YES;
				GCC_WARN_UNINITIALIZED_AUTOS = YES_AGGRESSIVE;
				GCC_WARN_UNUSED_FUNCTION = YES;
				GCC_WARN_UNUSED_VARIABLE = YES;
				HEADER_SEARCH_PATHS = "";
				LIBRARY_SEARCH_PATHS = "";
				MACOSX_DEPLOYMENT_TARGET = 10.12;
				MTL_ENABLE_DEBUG_INFO = YES;
				ONLY_ACTIVE_ARCH = YES;
				SDKROOT = macosx;
			};
			name = Debug;
		};
		3096E7961E37DEAC00F2C1B4 /* Release */ = {
			isa = XCBuildConfiguration;
			buildSettings = {
				ALWAYS_SEARCH_USER_PATHS = NO;
				CLANG_ANALYZER_NONNULL = YES;
				CLANG_CXX_LANGUAGE_STANDARD = "gnu++0x";
				CLANG_CXX_LIBRARY = "libc++";
				CLANG_ENABLE_MODULES = YES;
				CLANG_ENABLE_OBJC_ARC = YES;
				CLANG_WARN_BLOCK_CAPTURE_AUTORELEASING = YES;
				CLANG_WARN_BOOL_CONVERSION = YES;
				CLANG_WARN_COMMA = YES;
				CLANG_WARN_CONSTANT_CONVERSION = YES;
				CLANG_WARN_DEPRECATED_OBJC_IMPLEMENTATIONS = YES;
				CLANG_WARN_DIRECT_OBJC_ISA_USAGE = YES_ERROR;
				CLANG_WARN_DOCUMENTATION_COMMENTS = YES;
				CLANG_WARN_EMPTY_BODY = YES;
				CLANG_WARN_ENUM_CONVERSION = YES;
				CLANG_WARN_INFINITE_RECURSION = YES;
				CLANG_WARN_INT_CONVERSION = YES;
				CLANG_WARN_NON_LITERAL_NULL_CONVERSION = YES;
				CLANG_WARN_OBJC_IMPLICIT_RETAIN_SELF = YES;
				CLANG_WARN_OBJC_LITERAL_CONVERSION = YES;
				CLANG_WARN_OBJC_ROOT_CLASS = YES_ERROR;
				CLANG_WARN_RANGE_LOOP_ANALYSIS = YES;
				CLANG_WARN_STRICT_PROTOTYPES = YES;
				CLANG_WARN_SUSPICIOUS_MOVE = YES;
				CLANG_WARN_UNREACHABLE_CODE = YES;
				CLANG_WARN__DUPLICATE_METHOD_MATCH = YES;
				CODE_SIGN_IDENTITY = "-";
				COPY_PHASE_STRIP = NO;
				DEBUG_INFORMATION_FORMAT = "dwarf-with-dsym";
				ENABLE_NS_ASSERTIONS = NO;
				ENABLE_STRICT_OBJC_MSGSEND = YES;
				FRAMEWORK_SEARCH_PATHS = "";
				GCC_C_LANGUAGE_STANDARD = gnu99;
				GCC_NO_COMMON_BLOCKS = YES;
				GCC_WARN_64_TO_32_BIT_CONVERSION = YES;
				GCC_WARN_ABOUT_RETURN_TYPE = YES_ERROR;
				GCC_WARN_UNDECLARED_SELECTOR = YES;
				GCC_WARN_UNINITIALIZED_AUTOS = YES_AGGRESSIVE;
				GCC_WARN_UNUSED_FUNCTION = YES;
				GCC_WARN_UNUSED_VARIABLE = YES;
				HEADER_SEARCH_PATHS = "";
				LIBRARY_SEARCH_PATHS = "";
				MACOSX_DEPLOYMENT_TARGET = 10.12;
				MTL_ENABLE_DEBUG_INFO = NO;
				SDKROOT = macosx;
			};
			name = Release;
		};
		3096E7981E37DEAC00F2C1B4 /* Debug */ = {
			isa = XCBuildConfiguration;
			buildSettings = {
				FRAMEWORK_SEARCH_PATHS = "";
				HEADER_SEARCH_PATHS = /usr/local/Cellar/cryptopp/7.0.0/include;
				LIBRARY_SEARCH_PATHS = /usr/local/Cellar/cryptopp/7.0.0/lib;
				PRODUCT_NAME = "$(TARGET_NAME)";
			};
			name = Debug;
		};
		3096E7991E37DEAC00F2C1B4 /* Release */ = {
			isa = XCBuildConfiguration;
			buildSettings = {
				FRAMEWORK_SEARCH_PATHS = "";
				HEADER_SEARCH_PATHS = /usr/local/Cellar/cryptopp/7.0.0/include;
				LIBRARY_SEARCH_PATHS = /usr/local/Cellar/cryptopp/7.0.0/lib;
				PRODUCT_NAME = "$(TARGET_NAME)";
			};
			name = Release;
		};
/* End XCBuildConfiguration section */

/* Begin XCConfigurationList section */
		3096E78B1E37DEAC00F2C1B4 /* Build configuration list for PBXProject "bfx-api-cpp" */ = {
			isa = XCConfigurationList;
			buildConfigurations = (
				3096E7951E37DEAC00F2C1B4 /* Debug */,
				3096E7961E37DEAC00F2C1B4 /* Release */,
			);
			defaultConfigurationIsVisible = 0;
			defaultConfigurationName = Release;
		};
		3096E7971E37DEAC00F2C1B4 /* Build configuration list for PBXNativeTarget "bfx-api-cpp" */ = {
			isa = XCConfigurationList;
			buildConfigurations = (
				3096E7981E37DEAC00F2C1B4 /* Debug */,
				3096E7991E37DEAC00F2C1B4 /* Release */,
			);
			defaultConfigurationIsVisible = 0;
			defaultConfigurationName = Release;
		};
/* End XCConfigurationList section */
	};
	rootObject = 3096E7881E37DEAC00F2C1B4 /* Project object */;
}
