// !$*UTF8*$!
{
	archiveVersion = 1;
	classes = {
	};
	objectVersion = 46;
	objects = {

/* Begin PBXBuildFile section */
		3096E79C1E37DFC500F2C1B4 /* libcryptopp.dylib in Frameworks */ = {isa = PBXBuildFile; fileRef = 3096E79B1E37DFC500F2C1B4 /* libcryptopp.dylib */; };
		3096E79E1E37DFDE00F2C1B4 /* libcurl.4.dylib in Frameworks */ = {isa = PBXBuildFile; fileRef = 3096E79D1E37DFDE00F2C1B4 /* libcurl.4.dylib */; };
		30D3E03D1E392B6100550117 /* BitfinexAPI.cpp in Sources */ = {isa = PBXBuildFile; fileRef = 30D3E03A1E392B6100550117 /* BitfinexAPI.cpp */; };
		30D3E03E1E392B6100550117 /* console-wrapper.cpp in Sources */ = {isa = PBXBuildFile; fileRef = 30D3E03C1E392B6100550117 /* console-wrapper.cpp */; };
/* End PBXBuildFile section */

/* Begin PBXCopyFilesBuildPhase section */
		3096E78E1E37DEAC00F2C1B4 /* CopyFiles */ = {
			isa = PBXCopyFilesBuildPhase;
			buildActionMask = 2147483647;
			dstPath = /usr/share/man/man1/;
			dstSubfolderSpec = 0;
			files = (
			);
			runOnlyForDeploymentPostprocessing = 1;
		};
/* End PBXCopyFilesBuildPhase section */

/* Begin PBXFileReference section */
		302D3DAE1E38E51E00E3A3F1 /* .gitignore */ = {isa = PBXFileReference; fileEncoding = 4; lastKnownFileType = text; path = .gitignore; sourceTree = "<group>"; };
		3096E7901E37DEAC00F2C1B4 /* bfx-api-cpp */ = {isa = PBXFileReference; explicitFileType = "compiled.mach-o.executable"; includeInIndex = 0; path = "bfx-api-cpp"; sourceTree = BUILT_PRODUCTS_DIR; };
		3096E79B1E37DFC500F2C1B4 /* libcryptopp.dylib */ = {isa = PBXFileReference; lastKnownFileType = "compiled.mach-o.dylib"; name = libcryptopp.dylib; path = ../../../../../usr/local/Cellar/cryptopp/5.6.5/lib/libcryptopp.dylib; sourceTree = "<group>"; };
		3096E79D1E37DFDE00F2C1B4 /* libcurl.4.dylib */ = {isa = PBXFileReference; lastKnownFileType = "compiled.mach-o.dylib"; name = libcurl.4.dylib; path = ../../../../../usr/local/Cellar/curl/7.52.1/lib/libcurl.4.dylib; sourceTree = "<group>"; };
		30D3E03A1E392B6100550117 /* BitfinexAPI.cpp */ = {isa = PBXFileReference; fileEncoding = 4; lastKnownFileType = sourcecode.cpp.cpp; path = BitfinexAPI.cpp; sourceTree = "<group>"; };
		30D3E03B1E392B6100550117 /* BitfinexAPI.hpp */ = {isa = PBXFileReference; fileEncoding = 4; lastKnownFileType = sourcecode.cpp.h; path = BitfinexAPI.hpp; sourceTree = "<group>"; };
		30D3E03C1E392B6100550117 /* console-wrapper.cpp */ = {isa = PBXFileReference; fileEncoding = 4; lastKnownFileType = sourcecode.cpp.cpp; path = "console-wrapper.cpp"; sourceTree = "<group>"; };
		30D3E0421E3B7ED700550117 /* withdraw.conf */ = {isa = PBXFileReference; fileEncoding = 4; lastKnownFileType = text; path = withdraw.conf; sourceTree = "<group>"; };
		30D3E0451E3CEBAD00550117 /* README.md */ = {isa = PBXFileReference; fileEncoding = 4; lastKnownFileType = net.daringfireball.markdown; path = README.md; sourceTree = "<group>"; };
/* End PBXFileReference section */

/* Begin PBXFrameworksBuildPhase section */
		3096E78D1E37DEAC00F2C1B4 /* Frameworks */ = {
			isa = PBXFrameworksBuildPhase;
			buildActionMask = 2147483647;
			files = (
				3096E79E1E37DFDE00F2C1B4 /* libcurl.4.dylib in Frameworks */,
				3096E79C1E37DFC500F2C1B4 /* libcryptopp.dylib in Frameworks */,
			);
			runOnlyForDeploymentPostprocessing = 0;
		};
/* End PBXFrameworksBuildPhase section */

/* Begin PBXGroup section */
		3096E7871E37DEAC00F2C1B4 = {
			isa = PBXGroup;
			children = (
				30D3E0451E3CEBAD00550117 /* README.md */,
				30D3E03A1E392B6100550117 /* BitfinexAPI.cpp */,
				30D3E03B1E392B6100550117 /* BitfinexAPI.hpp */,
				30D3E0421E3B7ED700550117 /* withdraw.conf */,
				30D3E03C1E392B6100550117 /* console-wrapper.cpp */,
				302D3DAE1E38E51E00E3A3F1 /* .gitignore */,
				3096E7911E37DEAC00F2C1B4 /* Products */,
				3096E79A1E37DFC500F2C1B4 /* Frameworks */,
			);
			sourceTree = "<group>";
		};
		3096E7911E37DEAC00F2C1B4 /* Products */ = {
			isa = PBXGroup;
			children = (
				3096E7901E37DEAC00F2C1B4 /* bfx-api-cpp */,
			);
			name = Products;
			sourceTree = "<group>";
		};
		3096E79A1E37DFC500F2C1B4 /* Frameworks */ = {
			isa = PBXGroup;
			children = (
				3096E79D1E37DFDE00F2C1B4 /* libcurl.4.dylib */,
				3096E79B1E37DFC500F2C1B4 /* libcryptopp.dylib */,
			);
			name = Frameworks;
			sourceTree = "<group>";
		};
/* End PBXGroup section */

/* Begin PBXNativeTarget section */
		3096E78F1E37DEAC00F2C1B4 /* bfx-api-cpp */ = {
			isa = PBXNativeTarget;
			buildConfigurationList = 3096E7971E37DEAC00F2C1B4 /* Build configuration list for PBXNativeTarget "bfx-api-cpp" */;
			buildPhases = (
				3096E78C1E37DEAC00F2C1B4 /* Sources */,
				3096E78D1E37DEAC00F2C1B4 /* Frameworks */,
				3096E78E1E37DEAC00F2C1B4 /* CopyFiles */,
			);
			buildRules = (
			);
			dependencies = (
			);
			name = "bfx-api-cpp";
			productName = "bfx-api-cpp";
			productReference = 3096E7901E37DEAC00F2C1B4 /* bfx-api-cpp */;
			productType = "com.apple.product-type.tool";
		};
/* End PBXNativeTarget section */

/* Begin PBXProject section */
		3096E7881E37DEAC00F2C1B4 /* Project object */ = {
			isa = PBXProject;
			attributes = {
				LastUpgradeCheck = 0820;
				ORGANIZATIONNAME = jvr23;
				TargetAttributes = {
					3096E78F1E37DEAC00F2C1B4 = {
						CreatedOnToolsVersion = 8.2.1;
						ProvisioningStyle = Automatic;
					};
				};
			};
			buildConfigurationList = 3096E78B1E37DEAC00F2C1B4 /* Build configuration list for PBXProject "bfx-api-cpp" */;
			compatibilityVersion = "Xcode 3.2";
			developmentRegion = English;
			hasScannedForEncodings = 0;
			knownRegions = (
				en,
			);
			mainGroup = 3096E7871E37DEAC00F2C1B4;
			productRefGroup = 3096E7911E37DEAC00F2C1B4 /* Products */;
			projectDirPath = "";
			projectRoot = "";
			targets = (
				3096E78F1E37DEAC00F2C1B4 /* bfx-api-cpp */,
			);
		};
/* End PBXProject section */

/* Begin PBXSourcesBuildPhase section */
		3096E78C1E37DEAC00F2C1B4 /* Sources */ = {
			isa = PBXSourcesBuildPhase;
			buildActionMask = 2147483647;
			files = (
				30D3E03D1E392B6100550117 /* BitfinexAPI.cpp in Sources */,
				30D3E03E1E392B6100550117 /* console-wrapper.cpp in Sources */,
			);
			runOnlyForDeploymentPostprocessing = 0;
		};
/* End PBXSourcesBuildPhase section */

/* Begin XCBuildConfiguration section */
		3096E7951E37DEAC00F2C1B4 /* Debug */ = {
			isa = XCBuildConfiguration;
			buildSettings = {
				ALWAYS_SEARCH_USER_PATHS = NO;
				CLANG_ANALYZER_NONNULL = YES;
				CLANG_CXX_LANGUAGE_STANDARD = "gnu++0x";
				CLANG_CXX_LIBRARY = "libc++";
				CLANG_ENABLE_MODULES = YES;
				CLANG_ENABLE_OBJC_ARC = YES;
				CLANG_WARN_BOOL_CONVERSION = YES;
				CLANG_WARN_CONSTANT_CONVERSION = YES;
				CLANG_WARN_DIRECT_OBJC_ISA_USAGE = YES_ERROR;
				CLANG_WARN_DOCUMENTATION_COMMENTS = YES;
				CLANG_WARN_EMPTY_BODY = YES;
				CLANG_WARN_ENUM_CONVERSION = YES;
				CLANG_WARN_INFINITE_RECURSION = YES;
				CLANG_WARN_INT_CONVERSION = YES;
				CLANG_WARN_OBJC_ROOT_CLASS = YES_ERROR;
				CLANG_WARN_SUSPICIOUS_MOVE = YES;
				CLANG_WARN_UNREACHABLE_CODE = YES;
				CLANG_WARN__DUPLICATE_METHOD_MATCH = YES;
				CODE_SIGN_IDENTITY = "-";
				COPY_PHASE_STRIP = NO;
				DEBUG_INFORMATION_FORMAT = dwarf;
				ENABLE_STRICT_OBJC_MSGSEND = YES;
				ENABLE_TESTABILITY = YES;
				GCC_C_LANGUAGE_STANDARD = gnu99;
				GCC_DYNAMIC_NO_PIC = NO;
				GCC_NO_COMMON_BLOCKS = YES;
				GCC_OPTIMIZATION_LEVEL = 0;
				GCC_PREPROCESSOR_DEFINITIONS = (
					"DEBUG=1",
					"$(inherited)",
				);
				GCC_WARN_64_TO_32_BIT_CONVERSION = YES;
				GCC_WARN_ABOUT_RETURN_TYPE = YES_ERROR;
				GCC_WARN_UNDECLARED_SELECTOR = YES;
				GCC_WARN_UNINITIALIZED_AUTOS = YES_AGGRESSIVE;
				GCC_WARN_UNUSED_FUNCTION = YES;
				GCC_WARN_UNUSED_VARIABLE = YES;
				MACOSX_DEPLOYMENT_TARGET = 10.12;
				MTL_ENABLE_DEBUG_INFO = YES;
				ONLY_ACTIVE_ARCH = YES;
				SDKROOT = macosx;
			};
			name = Debug;
		};
		3096E7961E37DEAC00F2C1B4 /* Release */ = {
			isa = XCBuildConfiguration;
			buildSettings = {
				ALWAYS_SEARCH_USER_PATHS = NO;
				CLANG_ANALYZER_NONNULL = YES;
				CLANG_CXX_LANGUAGE_STANDARD = "gnu++0x";
				CLANG_CXX_LIBRARY = "libc++";
				CLANG_ENABLE_MODULES = YES;
				CLANG_ENABLE_OBJC_ARC = YES;
				CLANG_WARN_BOOL_CONVERSION = YES;
				CLANG_WARN_CONSTANT_CONVERSION = YES;
				CLANG_WARN_DIRECT_OBJC_ISA_USAGE = YES_ERROR;
				CLANG_WARN_DOCUMENTATION_COMMENTS = YES;
				CLANG_WARN_EMPTY_BODY = YES;
				CLANG_WARN_ENUM_CONVERSION = YES;
				CLANG_WARN_INFINITE_RECURSION = YES;
				CLANG_WARN_INT_CONVERSION = YES;
				CLANG_WARN_OBJC_ROOT_CLASS = YES_ERROR;
				CLANG_WARN_SUSPICIOUS_MOVE = YES;
				CLANG_WARN_UNREACHABLE_CODE = YES;
				CLANG_WARN__DUPLICATE_METHOD_MATCH = YES;
				CODE_SIGN_IDENTITY = "-";
				COPY_PHASE_STRIP = NO;
				DEBUG_INFORMATION_FORMAT = "dwarf-with-dsym";
				ENABLE_NS_ASSERTIONS = NO;
				ENABLE_STRICT_OBJC_MSGSEND = YES;
				GCC_C_LANGUAGE_STANDARD = gnu99;
				GCC_NO_COMMON_BLOCKS = YES;
				GCC_WARN_64_TO_32_BIT_CONVERSION = YES;
				GCC_WARN_ABOUT_RETURN_TYPE = YES_ERROR;
				GCC_WARN_UNDECLARED_SELECTOR = YES;
				GCC_WARN_UNINITIALIZED_AUTOS = YES_AGGRESSIVE;
				GCC_WARN_UNUSED_FUNCTION = YES;
				GCC_WARN_UNUSED_VARIABLE = YES;
				MACOSX_DEPLOYMENT_TARGET = 10.12;
				MTL_ENABLE_DEBUG_INFO = NO;
				SDKROOT = macosx;
			};
			name = Release;
		};
		3096E7981E37DEAC00F2C1B4 /* Debug */ = {
			isa = XCBuildConfiguration;
			buildSettings = {
				HEADER_SEARCH_PATHS = (
					/usr/local/Cellar/cryptopp/5.6.5/include,
					/usr/local/Cellar/curl/7.52.1/include,
				);
				LIBRARY_SEARCH_PATHS = (
					/usr/local/Cellar/cryptopp/5.6.5/lib,
					/usr/local/Cellar/curl/7.52.1/lib,
				);
				PRODUCT_NAME = "$(TARGET_NAME)";
			};
			name = Debug;
		};
		3096E7991E37DEAC00F2C1B4 /* Release */ = {
			isa = XCBuildConfiguration;
			buildSettings = {
				HEADER_SEARCH_PATHS = (
					/usr/local/Cellar/cryptopp/5.6.5/include,
					/usr/local/Cellar/curl/7.52.1/include,
				);
				LIBRARY_SEARCH_PATHS = (
					/usr/local/Cellar/cryptopp/5.6.5/lib,
					/usr/local/Cellar/curl/7.52.1/lib,
				);
				PRODUCT_NAME = "$(TARGET_NAME)";
			};
			name = Release;
		};
/* End XCBuildConfiguration section */

/* Begin XCConfigurationList section */
		3096E78B1E37DEAC00F2C1B4 /* Build configuration list for PBXProject "bfx-api-cpp" */ = {
			isa = XCConfigurationList;
			buildConfigurations = (
				3096E7951E37DEAC00F2C1B4 /* Debug */,
				3096E7961E37DEAC00F2C1B4 /* Release */,
			);
			defaultConfigurationIsVisible = 0;
			defaultConfigurationName = Release;
		};
		3096E7971E37DEAC00F2C1B4 /* Build configuration list for PBXNativeTarget "bfx-api-cpp" */ = {
			isa = XCConfigurationList;
			buildConfigurations = (
				3096E7981E37DEAC00F2C1B4 /* Debug */,
				3096E7991E37DEAC00F2C1B4 /* Release */,
			);
			defaultConfigurationIsVisible = 0;
			defaultConfigurationName = Release;
		};
/* End XCConfigurationList section */
	};
	rootObject = 3096E7881E37DEAC00F2C1B4 /* Project object */;
}
